
Microsoft Visual Studio Solution File, Format Version 12.00
# Visual Studio Version 17
VisualStudioVersion = 17.3.32922.545
MinimumVisualStudioVersion = 10.0.40219.1
Project("{2150E333-8FDC-42A3-9474-1A3956D46DE8}") = "src", "src", "{A50C9021-673F-410F-A62C-BA49E480A3C4}"
EndProject
Project("{2150E333-8FDC-42A3-9474-1A3956D46DE8}") = "UserIdentityStore", "UserIdentityStore", "{CF80F718-4EE9-497E-87E0-AFB79815BED7}"
EndProject
Project("{9A19103F-16F7-4668-BE54-9A1E7A4F7556}") = "UserIdentityStore.API", "src\UserIdentityStore\UserIdentityStore.API\UserIdentityStore.API.csproj", "{8A54DE5F-9FA2-4E8B-A7C1-8709A91F3352}"
EndProject
Project("{E53339B2-1760-4266-BCC7-CA923CBCF16C}") = "docker-compose", "docker-compose.dcproj", "{E37114BF-1EDD-49F9-90F6-98F77590C854}"
EndProject
Project("{2150E333-8FDC-42A3-9474-1A3956D46DE8}") = "Services", "Services", "{4AA0711A-865F-467D-8AF0-05E78BE4DFBB}"
EndProject
Project("{2150E333-8FDC-42A3-9474-1A3956D46DE8}") = "ComplaintService", "ComplaintService", "{6E29D33D-40CE-439E-B348-425A28D2EF7E}"
EndProject
Project("{9A19103F-16F7-4668-BE54-9A1E7A4F7556}") = "ComplaintService.API", "src\Services\ComplaintService\ComplaintService.API\ComplaintService.API.csproj", "{4259DB54-7F2D-4108-B217-60A050F26389}"
EndProject
Project("{2150E333-8FDC-42A3-9474-1A3956D46DE8}") = "ProductService", "ProductService", "{CC5964A4-BFF6-444D-A5B1-DB867AA2C06A}"
EndProject
Project("{9A19103F-16F7-4668-BE54-9A1E7A4F7556}") = "ProductService.API", "src\Services\ProductService\ProductService.API\ProductService.API.csproj", "{40598FD0-076B-4E75-8DFD-20F989D0C037}"
EndProject
Project("{2150E333-8FDC-42A3-9474-1A3956D46DE8}") = "OrderService", "OrderService", "{4C3B14B8-6541-467D-928F-6CE7D1AA6B0E}"
EndProject
Project("{9A19103F-16F7-4668-BE54-9A1E7A4F7556}") = "OrderService.API", "src\Services\OrderService\OrderService.API\OrderService.API.csproj", "{76E15CB5-65CD-4F0E-9F68-F64CA8503A9A}"
EndProject
Project("{2150E333-8FDC-42A3-9474-1A3956D46DE8}") = "CartService", "CartService", "{21286FF3-C939-4DC3-BB68-3246801EC0D9}"
EndProject
Project("{9A19103F-16F7-4668-BE54-9A1E7A4F7556}") = "CartService.API", "src\Services\CartService\CartService.API\CartService.API.csproj", "{F2DCF4EA-BF57-4BA4-BC47-F04E4BD4B69F}"
EndProject
Project("{2150E333-8FDC-42A3-9474-1A3956D46DE8}") = "StockAnalysis", "StockAnalysis", "{52F77E47-3FF0-4E8F-940B-0D17EE144599}"
EndProject
Project("{FAE04EC0-301F-11D3-BF4B-00C04F79EFBC}") = "StockAnalysis.API", "src\Services\StockAnalysis\StockAnalysis.API\StockAnalysis.API.csproj", "{BD4A9F00-518D-4D1E-B0A7-15CCB3D2523E}"
EndProject
Project("{FAE04EC0-301F-11D3-BF4B-00C04F79EFBC}") = "StockAnalysis.GRPC", "src\Services\StockAnalysis\StockAnalysis.GRPC\StockAnalysis.GRPC.csproj", "{170D527B-0AAF-47F6-B0C9-79AA2265D48E}"
EndProject
Global
	GlobalSection(SolutionConfigurationPlatforms) = preSolution
		Debug|Any CPU = Debug|Any CPU
		Release|Any CPU = Release|Any CPU
	EndGlobalSection
	GlobalSection(ProjectConfigurationPlatforms) = postSolution
		{8A54DE5F-9FA2-4E8B-A7C1-8709A91F3352}.Debug|Any CPU.ActiveCfg = Debug|Any CPU
		{8A54DE5F-9FA2-4E8B-A7C1-8709A91F3352}.Debug|Any CPU.Build.0 = Debug|Any CPU
		{8A54DE5F-9FA2-4E8B-A7C1-8709A91F3352}.Release|Any CPU.ActiveCfg = Release|Any CPU
		{8A54DE5F-9FA2-4E8B-A7C1-8709A91F3352}.Release|Any CPU.Build.0 = Release|Any CPU
		{E37114BF-1EDD-49F9-90F6-98F77590C854}.Debug|Any CPU.ActiveCfg = Debug|Any CPU
		{E37114BF-1EDD-49F9-90F6-98F77590C854}.Debug|Any CPU.Build.0 = Debug|Any CPU
		{E37114BF-1EDD-49F9-90F6-98F77590C854}.Release|Any CPU.ActiveCfg = Release|Any CPU
		{E37114BF-1EDD-49F9-90F6-98F77590C854}.Release|Any CPU.Build.0 = Release|Any CPU
		{4259DB54-7F2D-4108-B217-60A050F26389}.Debug|Any CPU.ActiveCfg = Debug|Any CPU
		{4259DB54-7F2D-4108-B217-60A050F26389}.Debug|Any CPU.Build.0 = Debug|Any CPU
		{4259DB54-7F2D-4108-B217-60A050F26389}.Release|Any CPU.ActiveCfg = Release|Any CPU
		{4259DB54-7F2D-4108-B217-60A050F26389}.Release|Any CPU.Build.0 = Release|Any CPU
		{40598FD0-076B-4E75-8DFD-20F989D0C037}.Debug|Any CPU.ActiveCfg = Debug|Any CPU
		{40598FD0-076B-4E75-8DFD-20F989D0C037}.Debug|Any CPU.Build.0 = Debug|Any CPU
		{40598FD0-076B-4E75-8DFD-20F989D0C037}.Release|Any CPU.ActiveCfg = Release|Any CPU
		{40598FD0-076B-4E75-8DFD-20F989D0C037}.Release|Any CPU.Build.0 = Release|Any CPU
		{76E15CB5-65CD-4F0E-9F68-F64CA8503A9A}.Debug|Any CPU.ActiveCfg = Debug|Any CPU
		{76E15CB5-65CD-4F0E-9F68-F64CA8503A9A}.Debug|Any CPU.Build.0 = Debug|Any CPU
		{76E15CB5-65CD-4F0E-9F68-F64CA8503A9A}.Release|Any CPU.ActiveCfg = Release|Any CPU
		{76E15CB5-65CD-4F0E-9F68-F64CA8503A9A}.Release|Any CPU.Build.0 = Release|Any CPU
		{F2DCF4EA-BF57-4BA4-BC47-F04E4BD4B69F}.Debug|Any CPU.ActiveCfg = Debug|Any CPU
		{F2DCF4EA-BF57-4BA4-BC47-F04E4BD4B69F}.Debug|Any CPU.Build.0 = Debug|Any CPU
		{F2DCF4EA-BF57-4BA4-BC47-F04E4BD4B69F}.Release|Any CPU.ActiveCfg = Release|Any CPU
		{F2DCF4EA-BF57-4BA4-BC47-F04E4BD4B69F}.Release|Any CPU.Build.0 = Release|Any CPU
		{BD4A9F00-518D-4D1E-B0A7-15CCB3D2523E}.Debug|Any CPU.ActiveCfg = Debug|Any CPU
		{BD4A9F00-518D-4D1E-B0A7-15CCB3D2523E}.Debug|Any CPU.Build.0 = Debug|Any CPU
		{BD4A9F00-518D-4D1E-B0A7-15CCB3D2523E}.Release|Any CPU.ActiveCfg = Release|Any CPU
		{BD4A9F00-518D-4D1E-B0A7-15CCB3D2523E}.Release|Any CPU.Build.0 = Release|Any CPU
		{170D527B-0AAF-47F6-B0C9-79AA2265D48E}.Debug|Any CPU.ActiveCfg = Debug|Any CPU
		{170D527B-0AAF-47F6-B0C9-79AA2265D48E}.Debug|Any CPU.Build.0 = Debug|Any CPU
		{170D527B-0AAF-47F6-B0C9-79AA2265D48E}.Release|Any CPU.ActiveCfg = Release|Any CPU
		{170D527B-0AAF-47F6-B0C9-79AA2265D48E}.Release|Any CPU.Build.0 = Release|Any CPU
	EndGlobalSection
	GlobalSection(SolutionProperties) = preSolution
		HideSolutionNode = FALSE
	EndGlobalSection
	GlobalSection(NestedProjects) = preSolution
		{CF80F718-4EE9-497E-87E0-AFB79815BED7} = {A50C9021-673F-410F-A62C-BA49E480A3C4}
		{8A54DE5F-9FA2-4E8B-A7C1-8709A91F3352} = {CF80F718-4EE9-497E-87E0-AFB79815BED7}
		{4AA0711A-865F-467D-8AF0-05E78BE4DFBB} = {A50C9021-673F-410F-A62C-BA49E480A3C4}
		{6E29D33D-40CE-439E-B348-425A28D2EF7E} = {4AA0711A-865F-467D-8AF0-05E78BE4DFBB}
		{4259DB54-7F2D-4108-B217-60A050F26389} = {6E29D33D-40CE-439E-B348-425A28D2EF7E}
		{CC5964A4-BFF6-444D-A5B1-DB867AA2C06A} = {4AA0711A-865F-467D-8AF0-05E78BE4DFBB}
		{40598FD0-076B-4E75-8DFD-20F989D0C037} = {CC5964A4-BFF6-444D-A5B1-DB867AA2C06A}
		{4C3B14B8-6541-467D-928F-6CE7D1AA6B0E} = {4AA0711A-865F-467D-8AF0-05E78BE4DFBB}
		{76E15CB5-65CD-4F0E-9F68-F64CA8503A9A} = {4C3B14B8-6541-467D-928F-6CE7D1AA6B0E}
		{21286FF3-C939-4DC3-BB68-3246801EC0D9} = {4AA0711A-865F-467D-8AF0-05E78BE4DFBB}
		{F2DCF4EA-BF57-4BA4-BC47-F04E4BD4B69F} = {21286FF3-C939-4DC3-BB68-3246801EC0D9}
		{52F77E47-3FF0-4E8F-940B-0D17EE144599} = {4AA0711A-865F-467D-8AF0-05E78BE4DFBB}
		{BD4A9F00-518D-4D1E-B0A7-15CCB3D2523E} = {52F77E47-3FF0-4E8F-940B-0D17EE144599}
		{170D527B-0AAF-47F6-B0C9-79AA2265D48E} = {52F77E47-3FF0-4E8F-940B-0D17EE144599}
	EndGlobalSection
	GlobalSection(ExtensibilityGlobals) = postSolution
		SolutionGuid = {6F9FC9B0-51E1-4B72-B4FF-0B3A4A8C195E}
	EndGlobalSection
EndGlobal
